// !$*UTF8*$!
{
	archiveVersion = 1;
	classes = {
	};
	objectVersion = 51;
	objects = {

/* Begin PBXBuildFile section */
		17EA841742CE61554F4C2B30 /* Pods_MessengerApp.framework in Frameworks */ = {isa = PBXBuildFile; fileRef = CA7DD5875B055A7DB16C9F11 /* Pods_MessengerApp.framework */; };
		BF0F6E6027AB05D500371294 /* AppDelegate.swift in Sources */ = {isa = PBXBuildFile; fileRef = BF0F6E5F27AB05D500371294 /* AppDelegate.swift */; };
		BF0F6E6227AB05D500371294 /* SceneDelegate.swift in Sources */ = {isa = PBXBuildFile; fileRef = BF0F6E6127AB05D500371294 /* SceneDelegate.swift */; };
		BF0F6E6427AB05D500371294 /* ConversationsViewController.swift in Sources */ = {isa = PBXBuildFile; fileRef = BF0F6E6327AB05D500371294 /* ConversationsViewController.swift */; };
		BF0F6E6727AB05D500371294 /* Main.storyboard in Resources */ = {isa = PBXBuildFile; fileRef = BF0F6E6527AB05D500371294 /* Main.storyboard */; };
		BF0F6E6927AB05D600371294 /* Assets.xcassets in Resources */ = {isa = PBXBuildFile; fileRef = BF0F6E6827AB05D600371294 /* Assets.xcassets */; };
		BF0F6E6C27AB05D600371294 /* LaunchScreen.storyboard in Resources */ = {isa = PBXBuildFile; fileRef = BF0F6E6A27AB05D600371294 /* LaunchScreen.storyboard */; };
		BF0F6E7A27AB076500371294 /* LoginViewController.swift in Sources */ = {isa = PBXBuildFile; fileRef = BF0F6E7927AB076500371294 /* LoginViewController.swift */; };
		BF0F6E7C27AB077300371294 /* RegisterViewController.swift in Sources */ = {isa = PBXBuildFile; fileRef = BF0F6E7B27AB077300371294 /* RegisterViewController.swift */; };
		BF0F6E7E27AB079500371294 /* PhotoViewerViewController.swift in Sources */ = {isa = PBXBuildFile; fileRef = BF0F6E7D27AB079500371294 /* PhotoViewerViewController.swift */; };
		BF0F6E8027AB07A600371294 /* VideoPlayerViewController.swift in Sources */ = {isa = PBXBuildFile; fileRef = BF0F6E7F27AB07A600371294 /* VideoPlayerViewController.swift */; };
		BF0F6E8227AB07C800371294 /* NewConversationViewController.swift in Sources */ = {isa = PBXBuildFile; fileRef = BF0F6E8127AB07C800371294 /* NewConversationViewController.swift */; };
		BF0F6E8427AB07DD00371294 /* ProfileViewController.swift in Sources */ = {isa = PBXBuildFile; fileRef = BF0F6E8327AB07DD00371294 /* ProfileViewController.swift */; };
		BF0F6E8727AB0E0D00371294 /* Extensions.swift in Sources */ = {isa = PBXBuildFile; fileRef = BF0F6E8627AB0E0D00371294 /* Extensions.swift */; };
		BFD42CC927AC66D100D29552 /* GoogleService-Info.plist in Resources */ = {isa = PBXBuildFile; fileRef = BFD42CC827AC66D100D29552 /* GoogleService-Info.plist */; };
		BFD42CCB27AEE7AF00D29552 /* DatabaseManager.swift in Sources */ = {isa = PBXBuildFile; fileRef = BFD42CCA27AEE7AF00D29552 /* DatabaseManager.swift */; };
		BFF6303C27B2FCF50068FD19 /* ChatViewController.swift in Sources */ = {isa = PBXBuildFile; fileRef = BFF6303B27B2FCF50068FD19 /* ChatViewController.swift */; };
/* End PBXBuildFile section */

/* Begin PBXFileReference section */
		5C27C8AB6A70DD95943A3E0E /* Pods-MessengerApp.release.xcconfig */ = {isa = PBXFileReference; includeInIndex = 1; lastKnownFileType = text.xcconfig; name = "Pods-MessengerApp.release.xcconfig"; path = "Target Support Files/Pods-MessengerApp/Pods-MessengerApp.release.xcconfig"; sourceTree = "<group>"; };
		7E76DBE7BF5B99927AACE50D /* Pods-MessengerApp.debug.xcconfig */ = {isa = PBXFileReference; includeInIndex = 1; lastKnownFileType = text.xcconfig; name = "Pods-MessengerApp.debug.xcconfig"; path = "Target Support Files/Pods-MessengerApp/Pods-MessengerApp.debug.xcconfig"; sourceTree = "<group>"; };
		BF0F6E5C27AB05D500371294 /* MessengerApp.app */ = {isa = PBXFileReference; explicitFileType = wrapper.application; includeInIndex = 0; path = MessengerApp.app; sourceTree = BUILT_PRODUCTS_DIR; };
		BF0F6E5F27AB05D500371294 /* AppDelegate.swift */ = {isa = PBXFileReference; lastKnownFileType = sourcecode.swift; path = AppDelegate.swift; sourceTree = "<group>"; };
		BF0F6E6127AB05D500371294 /* SceneDelegate.swift */ = {isa = PBXFileReference; lastKnownFileType = sourcecode.swift; path = SceneDelegate.swift; sourceTree = "<group>"; };
		BF0F6E6327AB05D500371294 /* ConversationsViewController.swift */ = {isa = PBXFileReference; lastKnownFileType = sourcecode.swift; path = ConversationsViewController.swift; sourceTree = "<group>"; };
		BF0F6E6627AB05D500371294 /* Base */ = {isa = PBXFileReference; lastKnownFileType = file.storyboard; name = Base; path = Base.lproj/Main.storyboard; sourceTree = "<group>"; };
		BF0F6E6827AB05D600371294 /* Assets.xcassets */ = {isa = PBXFileReference; lastKnownFileType = folder.assetcatalog; path = Assets.xcassets; sourceTree = "<group>"; };
		BF0F6E6B27AB05D600371294 /* Base */ = {isa = PBXFileReference; lastKnownFileType = file.storyboard; name = Base; path = Base.lproj/LaunchScreen.storyboard; sourceTree = "<group>"; };
		BF0F6E6D27AB05D600371294 /* Info.plist */ = {isa = PBXFileReference; lastKnownFileType = text.plist.xml; path = Info.plist; sourceTree = "<group>"; };
		BF0F6E7927AB076500371294 /* LoginViewController.swift */ = {isa = PBXFileReference; lastKnownFileType = sourcecode.swift; path = LoginViewController.swift; sourceTree = "<group>"; };
		BF0F6E7B27AB077300371294 /* RegisterViewController.swift */ = {isa = PBXFileReference; lastKnownFileType = sourcecode.swift; path = RegisterViewController.swift; sourceTree = "<group>"; };
		BF0F6E7D27AB079500371294 /* PhotoViewerViewController.swift */ = {isa = PBXFileReference; lastKnownFileType = sourcecode.swift; path = PhotoViewerViewController.swift; sourceTree = "<group>"; };
		BF0F6E7F27AB07A600371294 /* VideoPlayerViewController.swift */ = {isa = PBXFileReference; lastKnownFileType = sourcecode.swift; path = VideoPlayerViewController.swift; sourceTree = "<group>"; };
		BF0F6E8127AB07C800371294 /* NewConversationViewController.swift */ = {isa = PBXFileReference; lastKnownFileType = sourcecode.swift; path = NewConversationViewController.swift; sourceTree = "<group>"; };
		BF0F6E8327AB07DD00371294 /* ProfileViewController.swift */ = {isa = PBXFileReference; lastKnownFileType = sourcecode.swift; path = ProfileViewController.swift; sourceTree = "<group>"; };
		BF0F6E8627AB0E0D00371294 /* Extensions.swift */ = {isa = PBXFileReference; lastKnownFileType = sourcecode.swift; path = Extensions.swift; sourceTree = "<group>"; };
		BFD42CC827AC66D100D29552 /* GoogleService-Info.plist */ = {isa = PBXFileReference; fileEncoding = 4; lastKnownFileType = text.plist.xml; path = "GoogleService-Info.plist"; sourceTree = "<group>"; };
		BFD42CCA27AEE7AF00D29552 /* DatabaseManager.swift */ = {isa = PBXFileReference; lastKnownFileType = sourcecode.swift; path = DatabaseManager.swift; sourceTree = "<group>"; };
		BFF6303B27B2FCF50068FD19 /* ChatViewController.swift */ = {isa = PBXFileReference; lastKnownFileType = sourcecode.swift; path = ChatViewController.swift; sourceTree = "<group>"; };
		CA7DD5875B055A7DB16C9F11 /* Pods_MessengerApp.framework */ = {isa = PBXFileReference; explicitFileType = wrapper.framework; includeInIndex = 0; path = Pods_MessengerApp.framework; sourceTree = BUILT_PRODUCTS_DIR; };
/* End PBXFileReference section */

/* Begin PBXFrameworksBuildPhase section */
		BF0F6E5927AB05D500371294 /* Frameworks */ = {
			isa = PBXFrameworksBuildPhase;
			buildActionMask = 2147483647;
			files = (
				17EA841742CE61554F4C2B30 /* Pods_MessengerApp.framework in Frameworks */,
			);
			runOnlyForDeploymentPostprocessing = 0;
		};
/* End PBXFrameworksBuildPhase section */

/* Begin PBXGroup section */
		1B417C38496AF8807158D75C /* Frameworks */ = {
			isa = PBXGroup;
			children = (
				CA7DD5875B055A7DB16C9F11 /* Pods_MessengerApp.framework */,
			);
			name = Frameworks;
			sourceTree = "<group>";
		};
		BF0F6E5327AB05D500371294 = {
			isa = PBXGroup;
			children = (
				BF0F6E5E27AB05D500371294 /* MessengerApp */,
				BF0F6E5D27AB05D500371294 /* Products */,
				E5E773D5C7CC18680F768662 /* Pods */,
				1B417C38496AF8807158D75C /* Frameworks */,
			);
			sourceTree = "<group>";
		};
		BF0F6E5D27AB05D500371294 /* Products */ = {
			isa = PBXGroup;
			children = (
				BF0F6E5C27AB05D500371294 /* MessengerApp.app */,
			);
			name = Products;
			sourceTree = "<group>";
		};
		BF0F6E5E27AB05D500371294 /* MessengerApp */ = {
			isa = PBXGroup;
			children = (
				BF0F6E7727AB066C00371294 /* Resources */,
				BF0F6E7627AB066500371294 /* ViewModels */,
				BF0F6E7527AB066000371294 /* Models */,
				BF0F6E7427AB065900371294 /* Views */,
				BF0F6E7327AB065100371294 /* Controllers */,
				BF0F6E6D27AB05D600371294 /* Info.plist */,
				BFD42CC827AC66D100D29552 /* GoogleService-Info.plist */,
			);
			path = MessengerApp;
			sourceTree = "<group>";
		};
		BF0F6E7327AB065100371294 /* Controllers */ = {
			isa = PBXGroup;
			children = (
				BF0F6E6327AB05D500371294 /* ConversationsViewController.swift */,
				BF0F6E8527AB096F00371294 /* Login */,
				BF0F6E7D27AB079500371294 /* PhotoViewerViewController.swift */,
				BF0F6E7F27AB07A600371294 /* VideoPlayerViewController.swift */,
				BF0F6E8127AB07C800371294 /* NewConversationViewController.swift */,
				BF0F6E8327AB07DD00371294 /* ProfileViewController.swift */,
				BFF6303B27B2FCF50068FD19 /* ChatViewController.swift */,
			);
			path = Controllers;
			sourceTree = "<group>";
		};
		BF0F6E7427AB065900371294 /* Views */ = {
			isa = PBXGroup;
			children = (
				BF0F6E7827AB069D00371294 /* Storyboards */,
				BF0F6E6827AB05D600371294 /* Assets.xcassets */,
			);
			path = Views;
			sourceTree = "<group>";
		};
		BF0F6E7527AB066000371294 /* Models */ = {
			isa = PBXGroup;
			children = (
			);
			path = Models;
			sourceTree = "<group>";
		};
		BF0F6E7627AB066500371294 /* ViewModels */ = {
			isa = PBXGroup;
			children = (
			);
			path = ViewModels;
			sourceTree = "<group>";
		};
		BF0F6E7727AB066C00371294 /* Resources */ = {
			isa = PBXGroup;
			children = (
				BF0F6E5F27AB05D500371294 /* AppDelegate.swift */,
				BF0F6E6127AB05D500371294 /* SceneDelegate.swift */,
				BF0F6E8627AB0E0D00371294 /* Extensions.swift */,
				BFD42CCA27AEE7AF00D29552 /* DatabaseManager.swift */,
			);
			path = Resources;
			sourceTree = "<group>";
		};
		BF0F6E7827AB069D00371294 /* Storyboards */ = {
			isa = PBXGroup;
			children = (
				BF0F6E6527AB05D500371294 /* Main.storyboard */,
				BF0F6E6A27AB05D600371294 /* LaunchScreen.storyboard */,
			);
			path = Storyboards;
			sourceTree = "<group>";
		};
		BF0F6E8527AB096F00371294 /* Login */ = {
			isa = PBXGroup;
			children = (
				BF0F6E7927AB076500371294 /* LoginViewController.swift */,
				BF0F6E7B27AB077300371294 /* RegisterViewController.swift */,
			);
			path = Login;
			sourceTree = "<group>";
		};
		E5E773D5C7CC18680F768662 /* Pods */ = {
			isa = PBXGroup;
			children = (
				7E76DBE7BF5B99927AACE50D /* Pods-MessengerApp.debug.xcconfig */,
				5C27C8AB6A70DD95943A3E0E /* Pods-MessengerApp.release.xcconfig */,
			);
			path = Pods;
			sourceTree = "<group>";
		};
/* End PBXGroup section */

/* Begin PBXNativeTarget section */
		BF0F6E5B27AB05D500371294 /* MessengerApp */ = {
			isa = PBXNativeTarget;
			buildConfigurationList = BF0F6E7027AB05D600371294 /* Build configuration list for PBXNativeTarget "MessengerApp" */;
			buildPhases = (
				0080B0792898807066EB4D81 /* [CP] Check Pods Manifest.lock */,
				BF0F6E5827AB05D500371294 /* Sources */,
				BF0F6E5927AB05D500371294 /* Frameworks */,
				BF0F6E5A27AB05D500371294 /* Resources */,
				8990CDC2788AF06689400392 /* [CP] Embed Pods Frameworks */,
				7B0C1D328CEE8669E0BCAAC3 /* [CP] Copy Pods Resources */,
			);
			buildRules = (
			);
			dependencies = (
			);
			name = MessengerApp;
			productName = MessengerApp;
			productReference = BF0F6E5C27AB05D500371294 /* MessengerApp.app */;
			productType = "com.apple.product-type.application";
		};
/* End PBXNativeTarget section */

/* Begin PBXProject section */
		BF0F6E5427AB05D500371294 /* Project object */ = {
			isa = PBXProject;
			attributes = {
				LastSwiftUpdateCheck = 1250;
				LastUpgradeCheck = 1250;
				TargetAttributes = {
					BF0F6E5B27AB05D500371294 = {
						CreatedOnToolsVersion = 12.5;
					};
				};
			};
			buildConfigurationList = BF0F6E5727AB05D500371294 /* Build configuration list for PBXProject "MessengerApp" */;
			compatibilityVersion = "Xcode 9.3";
			developmentRegion = en;
			hasScannedForEncodings = 0;
			knownRegions = (
				en,
				Base,
			);
			mainGroup = BF0F6E5327AB05D500371294;
			productRefGroup = BF0F6E5D27AB05D500371294 /* Products */;
			projectDirPath = "";
			projectRoot = "";
			targets = (
				BF0F6E5B27AB05D500371294 /* MessengerApp */,
			);
		};
/* End PBXProject section */

/* Begin PBXResourcesBuildPhase section */
		BF0F6E5A27AB05D500371294 /* Resources */ = {
			isa = PBXResourcesBuildPhase;
			buildActionMask = 2147483647;
			files = (
				BF0F6E6C27AB05D600371294 /* LaunchScreen.storyboard in Resources */,
				BFD42CC927AC66D100D29552 /* GoogleService-Info.plist in Resources */,
				BF0F6E6927AB05D600371294 /* Assets.xcassets in Resources */,
				BF0F6E6727AB05D500371294 /* Main.storyboard in Resources */,
			);
			runOnlyForDeploymentPostprocessing = 0;
		};
/* End PBXResourcesBuildPhase section */

/* Begin PBXShellScriptBuildPhase section */
		0080B0792898807066EB4D81 /* [CP] Check Pods Manifest.lock */ = {
			isa = PBXShellScriptBuildPhase;
			buildActionMask = 2147483647;
			files = (
			);
			inputFileListPaths = (
			);
			inputPaths = (
				"${PODS_PODFILE_DIR_PATH}/Podfile.lock",
				"${PODS_ROOT}/Manifest.lock",
			);
			name = "[CP] Check Pods Manifest.lock";
			outputFileListPaths = (
			);
			outputPaths = (
				"$(DERIVED_FILE_DIR)/Pods-MessengerApp-checkManifestLockResult.txt",
			);
			runOnlyForDeploymentPostprocessing = 0;
			shellPath = /bin/sh;
			shellScript = "diff \"${PODS_PODFILE_DIR_PATH}/Podfile.lock\" \"${PODS_ROOT}/Manifest.lock\" > /dev/null\nif [ $? != 0 ] ; then\n    # print error to STDERR\n    echo \"error: The sandbox is not in sync with the Podfile.lock. Run 'pod install' or update your CocoaPods installation.\" >&2\n    exit 1\nfi\n# This output is used by Xcode 'outputs' to avoid re-running this script phase.\necho \"SUCCESS\" > \"${SCRIPT_OUTPUT_FILE_0}\"\n";
			showEnvVarsInLog = 0;
		};
		7B0C1D328CEE8669E0BCAAC3 /* [CP] Copy Pods Resources */ = {
			isa = PBXShellScriptBuildPhase;
			buildActionMask = 2147483647;
			files = (
			);
			inputFileListPaths = (
				"${PODS_ROOT}/Target Support Files/Pods-MessengerApp/Pods-MessengerApp-resources-${CONFIGURATION}-input-files.xcfilelist",
			);
			name = "[CP] Copy Pods Resources";
			outputFileListPaths = (
				"${PODS_ROOT}/Target Support Files/Pods-MessengerApp/Pods-MessengerApp-resources-${CONFIGURATION}-output-files.xcfilelist",
			);
			runOnlyForDeploymentPostprocessing = 0;
			shellPath = /bin/sh;
			shellScript = "\"${PODS_ROOT}/Target Support Files/Pods-MessengerApp/Pods-MessengerApp-resources.sh\"\n";
			showEnvVarsInLog = 0;
		};
		8990CDC2788AF06689400392 /* [CP] Embed Pods Frameworks */ = {
			isa = PBXShellScriptBuildPhase;
			buildActionMask = 2147483647;
			files = (
			);
			inputFileListPaths = (
				"${PODS_ROOT}/Target Support Files/Pods-MessengerApp/Pods-MessengerApp-frameworks-${CONFIGURATION}-input-files.xcfilelist",
			);
			name = "[CP] Embed Pods Frameworks";
			outputFileListPaths = (
				"${PODS_ROOT}/Target Support Files/Pods-MessengerApp/Pods-MessengerApp-frameworks-${CONFIGURATION}-output-files.xcfilelist",
			);
			runOnlyForDeploymentPostprocessing = 0;
			shellPath = /bin/sh;
			shellScript = "\"${PODS_ROOT}/Target Support Files/Pods-MessengerApp/Pods-MessengerApp-frameworks.sh\"\n";
			showEnvVarsInLog = 0;
		};
/* End PBXShellScriptBuildPhase section */

/* Begin PBXSourcesBuildPhase section */
		BF0F6E5827AB05D500371294 /* Sources */ = {
			isa = PBXSourcesBuildPhase;
			buildActionMask = 2147483647;
			files = (
				BF0F6E7A27AB076500371294 /* LoginViewController.swift in Sources */,
				BFD42CCB27AEE7AF00D29552 /* DatabaseManager.swift in Sources */,
				BF0F6E7C27AB077300371294 /* RegisterViewController.swift in Sources */,
				BF0F6E8227AB07C800371294 /* NewConversationViewController.swift in Sources */,
				BF0F6E6427AB05D500371294 /* ConversationsViewController.swift in Sources */,
				BF0F6E8027AB07A600371294 /* VideoPlayerViewController.swift in Sources */,
				BF0F6E8727AB0E0D00371294 /* Extensions.swift in Sources */,
				BF0F6E6027AB05D500371294 /* AppDelegate.swift in Sources */,
				BF0F6E8427AB07DD00371294 /* ProfileViewController.swift in Sources */,
				BF0F6E6227AB05D500371294 /* SceneDelegate.swift in Sources */,
				BFF6303C27B2FCF50068FD19 /* ChatViewController.swift in Sources */,
				BF0F6E7E27AB079500371294 /* PhotoViewerViewController.swift in Sources */,
			);
			runOnlyForDeploymentPostprocessing = 0;
		};
/* End PBXSourcesBuildPhase section */

/* Begin PBXVariantGroup section */
		BF0F6E6527AB05D500371294 /* Main.storyboard */ = {
			isa = PBXVariantGroup;
			children = (
				BF0F6E6627AB05D500371294 /* Base */,
			);
			name = Main.storyboard;
			sourceTree = "<group>";
		};
		BF0F6E6A27AB05D600371294 /* LaunchScreen.storyboard */ = {
			isa = PBXVariantGroup;
			children = (
				BF0F6E6B27AB05D600371294 /* Base */,
			);
			name = LaunchScreen.storyboard;
			sourceTree = "<group>";
		};
/* End PBXVariantGroup section */

/* Begin XCBuildConfiguration section */
		BF0F6E6E27AB05D600371294 /* Debug */ = {
			isa = XCBuildConfiguration;
			buildSettings = {
				ALWAYS_SEARCH_USER_PATHS = NO;
				CLANG_ANALYZER_NONNULL = YES;
				CLANG_ANALYZER_NUMBER_OBJECT_CONVERSION = YES_AGGRESSIVE;
				CLANG_CXX_LANGUAGE_STANDARD = "gnu++14";
				CLANG_CXX_LIBRARY = "libc++";
				CLANG_ENABLE_MODULES = YES;
				CLANG_ENABLE_OBJC_ARC = YES;
				CLANG_ENABLE_OBJC_WEAK = YES;
				CLANG_WARN_BLOCK_CAPTURE_AUTORELEASING = YES;
				CLANG_WARN_BOOL_CONVERSION = YES;
				CLANG_WARN_COMMA = YES;
				CLANG_WARN_CONSTANT_CONVERSION = YES;
				CLANG_WARN_DEPRECATED_OBJC_IMPLEMENTATIONS = YES;
				CLANG_WARN_DIRECT_OBJC_ISA_USAGE = YES_ERROR;
				CLANG_WARN_DOCUMENTATION_COMMENTS = YES;
				CLANG_WARN_EMPTY_BODY = YES;
				CLANG_WARN_ENUM_CONVERSION = YES;
				CLANG_WARN_INFINITE_RECURSION = YES;
				CLANG_WARN_INT_CONVERSION = YES;
				CLANG_WARN_NON_LITERAL_NULL_CONVERSION = YES;
				CLANG_WARN_OBJC_IMPLICIT_RETAIN_SELF = YES;
				CLANG_WARN_OBJC_LITERAL_CONVERSION = YES;
				CLANG_WARN_OBJC_ROOT_CLASS = YES_ERROR;
				CLANG_WARN_QUOTED_INCLUDE_IN_FRAMEWORK_HEADER = YES;
				CLANG_WARN_RANGE_LOOP_ANALYSIS = YES;
				CLANG_WARN_STRICT_PROTOTYPES = YES;
				CLANG_WARN_SUSPICIOUS_MOVE = YES;
				CLANG_WARN_UNGUARDED_AVAILABILITY = YES_AGGRESSIVE;
				CLANG_WARN_UNREACHABLE_CODE = YES;
				CLANG_WARN__DUPLICATE_METHOD_MATCH = YES;
				COPY_PHASE_STRIP = NO;
				DEBUG_INFORMATION_FORMAT = dwarf;
				ENABLE_STRICT_OBJC_MSGSEND = YES;
				ENABLE_TESTABILITY = YES;
				GCC_C_LANGUAGE_STANDARD = gnu11;
				GCC_DYNAMIC_NO_PIC = NO;
				GCC_NO_COMMON_BLOCKS = YES;
				GCC_OPTIMIZATION_LEVEL = 0;
				GCC_PREPROCESSOR_DEFINITIONS = (
					"DEBUG=1",
					"$(inherited)",
				);
				GCC_WARN_64_TO_32_BIT_CONVERSION = YES;
				GCC_WARN_ABOUT_RETURN_TYPE = YES_ERROR;
				GCC_WARN_UNDECLARED_SELECTOR = YES;
				GCC_WARN_UNINITIALIZED_AUTOS = YES_AGGRESSIVE;
				GCC_WARN_UNUSED_FUNCTION = YES;
				GCC_WARN_UNUSED_VARIABLE = YES;
				IPHONEOS_DEPLOYMENT_TARGET = 14.5;
				MTL_ENABLE_DEBUG_INFO = INCLUDE_SOURCE;
				MTL_FAST_MATH = YES;
				ONLY_ACTIVE_ARCH = YES;
				SDKROOT = iphoneos;
				SWIFT_ACTIVE_COMPILATION_CONDITIONS = DEBUG;
				SWIFT_OPTIMIZATION_LEVEL = "-Onone";
			};
			name = Debug;
		};
		BF0F6E6F27AB05D600371294 /* Release */ = {
			isa = XCBuildConfiguration;
			buildSettings = {
				ALWAYS_SEARCH_USER_PATHS = NO;
				CLANG_ANALYZER_NONNULL = YES;
				CLANG_ANALYZER_NUMBER_OBJECT_CONVERSION = YES_AGGRESSIVE;
				CLANG_CXX_LANGUAGE_STANDARD = "gnu++14";
				CLANG_CXX_LIBRARY = "libc++";
				CLANG_ENABLE_MODULES = YES;
				CLANG_ENABLE_OBJC_ARC = YES;
				CLANG_ENABLE_OBJC_WEAK = YES;
				CLANG_WARN_BLOCK_CAPTURE_AUTORELEASING = YES;
				CLANG_WARN_BOOL_CONVERSION = YES;
				CLANG_WARN_COMMA = YES;
				CLANG_WARN_CONSTANT_CONVERSION = YES;
				CLANG_WARN_DEPRECATED_OBJC_IMPLEMENTATIONS = YES;
				CLANG_WARN_DIRECT_OBJC_ISA_USAGE = YES_ERROR;
				CLANG_WARN_DOCUMENTATION_COMMENTS = YES;
				CLANG_WARN_EMPTY_BODY = YES;
				CLANG_WARN_ENUM_CONVERSION = YES;
				CLANG_WARN_INFINITE_RECURSION = YES;
				CLANG_WARN_INT_CONVERSION = YES;
				CLANG_WARN_NON_LITERAL_NULL_CONVERSION = YES;
				CLANG_WARN_OBJC_IMPLICIT_RETAIN_SELF = YES;
				CLANG_WARN_OBJC_LITERAL_CONVERSION = YES;
				CLANG_WARN_OBJC_ROOT_CLASS = YES_ERROR;
				CLANG_WARN_QUOTED_INCLUDE_IN_FRAMEWORK_HEADER = YES;
				CLANG_WARN_RANGE_LOOP_ANALYSIS = YES;
				CLANG_WARN_STRICT_PROTOTYPES = YES;
				CLANG_WARN_SUSPICIOUS_MOVE = YES;
				CLANG_WARN_UNGUARDED_AVAILABILITY = YES_AGGRESSIVE;
				CLANG_WARN_UNREACHABLE_CODE = YES;
				CLANG_WARN__DUPLICATE_METHOD_MATCH = YES;
				COPY_PHASE_STRIP = NO;
				DEBUG_INFORMATION_FORMAT = "dwarf-with-dsym";
				ENABLE_NS_ASSERTIONS = NO;
				ENABLE_STRICT_OBJC_MSGSEND = YES;
				GCC_C_LANGUAGE_STANDARD = gnu11;
				GCC_NO_COMMON_BLOCKS = YES;
				GCC_WARN_64_TO_32_BIT_CONVERSION = YES;
				GCC_WARN_ABOUT_RETURN_TYPE = YES_ERROR;
				GCC_WARN_UNDECLARED_SELECTOR = YES;
				GCC_WARN_UNINITIALIZED_AUTOS = YES_AGGRESSIVE;
				GCC_WARN_UNUSED_FUNCTION = YES;
				GCC_WARN_UNUSED_VARIABLE = YES;
				IPHONEOS_DEPLOYMENT_TARGET = 14.5;
				MTL_ENABLE_DEBUG_INFO = NO;
				MTL_FAST_MATH = YES;
				SDKROOT = iphoneos;
				SWIFT_COMPILATION_MODE = wholemodule;
				SWIFT_OPTIMIZATION_LEVEL = "-O";
				VALIDATE_PRODUCT = YES;
			};
			name = Release;
		};
		BF0F6E7127AB05D600371294 /* Debug */ = {
			isa = XCBuildConfiguration;
			baseConfigurationReference = 7E76DBE7BF5B99927AACE50D /* Pods-MessengerApp.debug.xcconfig */;
			buildSettings = {
				ASSETCATALOG_COMPILER_APPICON_NAME = AppIcon;
				ASSETCATALOG_COMPILER_GLOBAL_ACCENT_COLOR_NAME = AccentColor;
				CODE_SIGN_STYLE = Automatic;
				DEVELOPMENT_TEAM = HGNXB64TGD;
				INFOPLIST_FILE = MessengerApp/Info.plist;
				LD_RUNPATH_SEARCH_PATHS = (
					"$(inherited)",
					"@executable_path/Frameworks",
				);
				PRODUCT_BUNDLE_IDENTIFIER = max.com.MessengerApp;
				PRODUCT_NAME = "$(TARGET_NAME)";
				SWIFT_VERSION = 5.0;
				TARGETED_DEVICE_FAMILY = "1,2";
			};
			name = Debug;
		};
		BF0F6E7227AB05D600371294 /* Release */ = {
			isa = XCBuildConfiguration;
			baseConfigurationReference = 5C27C8AB6A70DD95943A3E0E /* Pods-MessengerApp.release.xcconfig */;
			buildSettings = {
				ASSETCATALOG_COMPILER_APPICON_NAME = AppIcon;
				ASSETCATALOG_COMPILER_GLOBAL_ACCENT_COLOR_NAME = AccentColor;
				CODE_SIGN_STYLE = Automatic;
				DEVELOPMENT_TEAM = HGNXB64TGD;
				INFOPLIST_FILE = MessengerApp/Info.plist;
				LD_RUNPATH_SEARCH_PATHS = (
					"$(inherited)",
					"@executable_path/Frameworks",
				);
				PRODUCT_BUNDLE_IDENTIFIER = max.com.MessengerApp;
				PRODUCT_NAME = "$(TARGET_NAME)";
				SWIFT_VERSION = 5.0;
				TARGETED_DEVICE_FAMILY = "1,2";
			};
			name = Release;
		};
/* End XCBuildConfiguration section */

/* Begin XCConfigurationList section */
		BF0F6E5727AB05D500371294 /* Build configuration list for PBXProject "MessengerApp" */ = {
			isa = XCConfigurationList;
			buildConfigurations = (
				BF0F6E6E27AB05D600371294 /* Debug */,
				BF0F6E6F27AB05D600371294 /* Release */,
			);
			defaultConfigurationIsVisible = 0;
			defaultConfigurationName = Release;
		};
		BF0F6E7027AB05D600371294 /* Build configuration list for PBXNativeTarget "MessengerApp" */ = {
			isa = XCConfigurationList;
			buildConfigurations = (
				BF0F6E7127AB05D600371294 /* Debug */,
				BF0F6E7227AB05D600371294 /* Release */,
			);
			defaultConfigurationIsVisible = 0;
			defaultConfigurationName = Release;
		};
/* End XCConfigurationList section */
	};
	rootObject = BF0F6E5427AB05D500371294 /* Project object */;
}
